
Microsoft Visual Studio Solution File, Format Version 12.00
# Visual Studio Version 17
VisualStudioVersion = 17.10.35004.147
MinimumVisualStudioVersion = 10.0.40219.1
Project("{8BC9CEB8-8B4A-11D0-8D11-00A0C91BC942}") = "CPP_TinhMenhGia2", "CPP_TinhMenhGia2.vcxproj", "{908E2A64-9FB4-4B3C-9A9B-EF8C9598930F}"
EndProject
Global
	GlobalSection(SolutionConfigurationPlatforms) = preSolution
		Debug|x64 = Debug|x64
		Debug|x86 = Debug|x86
		Release|x64 = Release|x64
		Release|x86 = Release|x86
	EndGlobalSection
	GlobalSection(ProjectConfigurationPlatforms) = postSolution
		{908E2A64-9FB4-4B3C-9A9B-EF8C9598930F}.Debug|x64.ActiveCfg = Debug|x64
		{908E2A64-9FB4-4B3C-9A9B-EF8C9598930F}.Debug|x64.Build.0 = Debug|x64
		{908E2A64-9FB4-4B3C-9A9B-EF8C9598930F}.Debug|x86.ActiveCfg = Debug|Win32
		{908E2A64-9FB4-4B3C-9A9B-EF8C9598930F}.Debug|x86.Build.0 = Debug|Win32
		{908E2A64-9FB4-4B3C-9A9B-EF8C9598930F}.Release|x64.ActiveCfg = Release|x64
		{908E2A64-9FB4-4B3C-9A9B-EF8C9598930F}.Release|x64.Build.0 = Release|x64
		{908E2A64-9FB4-4B3C-9A9B-EF8C9598930F}.Release|x86.ActiveCfg = Release|Win32
		{908E2A64-9FB4-4B3C-9A9B-EF8C9598930F}.Release|x86.Build.0 = Release|Win32
	EndGlobalSection
	GlobalSection(SolutionProperties) = preSolution
		HideSolutionNode = FALSE
	EndGlobalSection
	GlobalSection(ExtensibilityGlobals) = postSolution
		SolutionGuid = {26481978-0AC3-464A-8B49-6A29F92F4BF2}
	EndGlobalSection
EndGlobal
